{
  "requires": true,
  "lockfileVersion": 1,
  "dependencies": {
    "react-fade-in": {
      "version": "1.1.1",
      "resolved": "https://registry.npmjs.org/react-fade-in/-/react-fade-in-1.1.1.tgz",
      "integrity": "sha512-HQjLCQbpPg7sR1INtArpKfTvB6U7197nG9JvmsCExkZnjvAgOdJY2gW4x0ggu5uH2WRNOgfB4TS0ATe2fwnoEg=="
    }
  }
}
